{
  "name": "loadtest",
  "version": "1.0.0",
  "lockfileVersion": 2,
  "requires": true,
  "packages": {
    "": {
      "name": "loadtest",
      "version": "1.0.0",
      "license": "ISC",
      "devDependencies": {
        "@types/k6": "^0.41.0"
      }
    },
    "node_modules/@types/k6": {
      "version": "0.41.0",
      "resolved": "https://registry.npmjs.org/@types/k6/-/k6-0.41.0.tgz",
      "integrity": "sha512-Zvu9Hhu2Q8CYHFQi3P0whFnK9UnO8apJxRimhAMxbEeAVjCgyWGWb0vgJqy0cxGmmy2yJ2Ee3JhfHZC645o7fA==",
      "dev": true
    }
  },
  "dependencies": {
    "@types/k6": {
      "version": "0.41.0",
      "resolved": "https://registry.npmjs.org/@types/k6/-/k6-0.41.0.tgz",
      "integrity": "sha512-Zvu9Hhu2Q8CYHFQi3P0whFnK9UnO8apJxRimhAMxbEeAVjCgyWGWb0vgJqy0cxGmmy2yJ2Ee3JhfHZC645o7fA==",
      "dev": true
    }
  }
}
