{
  "name": "loadtest",
  "version": "1.0.0",
  "lockfileVersion": 2,
  "requires": true,
  "packages": {
    "": {
      "name": "loadtest",
      "version": "1.0.0",
      "license": "Apache-2.0",
      "devDependencies": {
        "@types/k6": "^0.42.0"
      }
    },
    "node_modules/@types/k6": {
      "version": "0.42.0",
      "resolved": "https://registry.npmjs.org/@types/k6/-/k6-0.42.0.tgz",
      "integrity": "sha512-btIVh1X3aC3iiYHL3J6vnWx65tFhTZyA6c3RjsizlVRAk80a83mL9ybwClUpxo/gl8C7nii1NGMGmmN7yH5doQ==",
      "dev": true
    }
  },
  "dependencies": {
    "@types/k6": {
      "version": "0.42.0",
      "resolved": "https://registry.npmjs.org/@types/k6/-/k6-0.42.0.tgz",
      "integrity": "sha512-btIVh1X3aC3iiYHL3J6vnWx65tFhTZyA6c3RjsizlVRAk80a83mL9ybwClUpxo/gl8C7nii1NGMGmmN7yH5doQ==",
      "dev": true
    }
  }
}
